
Microsoft Visual Studio Solution File, Format Version 12.00
# Visual Studio Version 16
VisualStudioVersion = 16.0.31105.61
MinimumVisualStudioVersion = 10.0.40219.1
Project("{FAE04EC0-301F-11D3-BF4B-00C04F79EFBC}") = "EventHorizon", "EventHorizon.csproj", "{287B878C-066E-4DE3-84D4-3E5419964298}"
EndProject
Project("{FAE04EC0-301F-11D3-BF4B-00C04F79EFBC}") = "EventHorizon.Data", "..\EventHorizon.Data\EventHorizon.Data.csproj", "{7DEF8D2B-6533-41A9-B507-484040D0A2D3}"
EndProject
Global
	GlobalSection(SolutionConfigurationPlatforms) = preSolution
		Debug|Any CPU = Debug|Any CPU
		Release|Any CPU = Release|Any CPU
	EndGlobalSection
	GlobalSection(ProjectConfigurationPlatforms) = postSolution
		{287B878C-066E-4DE3-84D4-3E5419964298}.Debug|Any CPU.ActiveCfg = Debug|Any CPU
		{287B878C-066E-4DE3-84D4-3E5419964298}.Debug|Any CPU.Build.0 = Debug|Any CPU
		{287B878C-066E-4DE3-84D4-3E5419964298}.Release|Any CPU.ActiveCfg = Release|Any CPU
		{287B878C-066E-4DE3-84D4-3E5419964298}.Release|Any CPU.Build.0 = Release|Any CPU
		{7DEF8D2B-6533-41A9-B507-484040D0A2D3}.Debug|Any CPU.ActiveCfg = Debug|Any CPU
		{7DEF8D2B-6533-41A9-B507-484040D0A2D3}.Debug|Any CPU.Build.0 = Debug|Any CPU
		{7DEF8D2B-6533-41A9-B507-484040D0A2D3}.Release|Any CPU.ActiveCfg = Release|Any CPU
		{7DEF8D2B-6533-41A9-B507-484040D0A2D3}.Release|Any CPU.Build.0 = Release|Any CPU
	EndGlobalSection
	GlobalSection(SolutionProperties) = preSolution
		HideSolutionNode = FALSE
	EndGlobalSection
	GlobalSection(ExtensibilityGlobals) = postSolution
		SolutionGuid = {064F170D-E770-4188-9520-F420DFE36920}
	EndGlobalSection
EndGlobal
